Microsoft Visual Studio Solution File, Format Version 12.00
# Visual Studio 15
VisualStudioVersion = 15.0.27130.2010
MinimumVisualStudioVersion = 10.0.40219.1
Project("{FAE04EC0-301F-11D3-BF4B-00C04F79EFBC}") = "JobAlertManagerGUI", "JobAlertManagerGUI\JobAlertManagerGUI.csproj", "{ADC62783-6253-47D6-B330-3501AEB2104C}"
EndProject
Project("{FAE04EC0-301F-11D3-BF4B-00C04F79EFBC}") = "FileSystemVShellInterfaces", "IFileSystemVShell\FileSystemVShellInterfaces.csproj", "{5CD69207-FAB4-464E-96F1-19D541024BBC}"
EndProject
Global
	GlobalSection(SolutionConfigurationPlatforms) = preSolution
		Debug|Any CPU = Debug|Any CPU
		Release|Any CPU = Release|Any CPU
	EndGlobalSection
	GlobalSection(ProjectConfigurationPlatforms) = postSolution
		{ADC62783-6253-47D6-B330-3501AEB2104C}.Debug|Any CPU.ActiveCfg = Debug|Any CPU
		{ADC62783-6253-47D6-B330-3501AEB2104C}.Debug|Any CPU.Build.0 = Debug|Any CPU
		{ADC62783-6253-47D6-B330-3501AEB2104C}.Release|Any CPU.ActiveCfg = Release|Any CPU
		{ADC62783-6253-47D6-B330-3501AEB2104C}.Release|Any CPU.Build.0 = Release|Any CPU
		{5CD69207-FAB4-464E-96F1-19D541024BBC}.Debug|Any CPU.ActiveCfg = Debug|Any CPU
		{5CD69207-FAB4-464E-96F1-19D541024BBC}.Debug|Any CPU.Build.0 = Debug|Any CPU
		{5CD69207-FAB4-464E-96F1-19D541024BBC}.Release|Any CPU.ActiveCfg = Release|Any CPU
		{5CD69207-FAB4-464E-96F1-19D541024BBC}.Release|Any CPU.Build.0 = Release|Any CPU
	EndGlobalSection
	GlobalSection(SolutionProperties) = preSolution
		HideSolutionNode = FALSE
	EndGlobalSection
	GlobalSection(ExtensibilityGlobals) = postSolution
		SolutionGuid = {D7A448E5-A668-41B2-802C-194F6823EAF2}
	EndGlobalSection
EndGlobal
